
Microsoft Visual Studio Solution File, Format Version 12.00
# Visual Studio Version 17
VisualStudioVersion = 17.13.35828.75 d17.13
MinimumVisualStudioVersion = 10.0.40219.1
Project("{FAE04EC0-301F-11D3-BF4B-00C04F79EFBC}") = "ClientChatMultcast", "ClientChatMultcast.csproj", "{EB03BFDB-561D-4512-86CE-F1E71B99C468}"
EndProject
Global
	GlobalSection(SolutionConfigurationPlatforms) = preSolution
		Debug|Any CPU = Debug|Any CPU
		Release|Any CPU = Release|Any CPU
	EndGlobalSection
	GlobalSection(ProjectConfigurationPlatforms) = postSolution
		{EB03BFDB-561D-4512-86CE-F1E71B99C468}.Debug|Any CPU.ActiveCfg = Debug|Any CPU
		{EB03BFDB-561D-4512-86CE-F1E71B99C468}.Debug|Any CPU.Build.0 = Debug|Any CPU
		{EB03BFDB-561D-4512-86CE-F1E71B99C468}.Release|Any CPU.ActiveCfg = Release|Any CPU
		{EB03BFDB-561D-4512-86CE-F1E71B99C468}.Release|Any CPU.Build.0 = Release|Any CPU
	EndGlobalSection
	GlobalSection(SolutionProperties) = preSolution
		HideSolutionNode = FALSE
	EndGlobalSection
	GlobalSection(ExtensibilityGlobals) = postSolution
		SolutionGuid = {1FE8C651-5329-42FC-94DD-6BFE53F2907B}
	EndGlobalSection
EndGlobal
